
Microsoft Visual Studio Solution File, Format Version 12.00
# Visual Studio 15
VisualStudioVersion = 15.0.28307.421
MinimumVisualStudioVersion = 10.0.40219.1
Project("{FAE04EC0-301F-11D3-BF4B-00C04F79EFBC}") = "Zadanie4", "Zadanie4\Zadanie4.csproj", "{F6913F45-94EF-4D06-9FEB-72134FB17309}"
EndProject
Global
	GlobalSection(SolutionConfigurationPlatforms) = preSolution
		Debug|Any CPU = Debug|Any CPU
		Release|Any CPU = Release|Any CPU
	EndGlobalSection
	GlobalSection(ProjectConfigurationPlatforms) = postSolution
		{F6913F45-94EF-4D06-9FEB-72134FB17309}.Debug|Any CPU.ActiveCfg = Debug|Any CPU
		{F6913F45-94EF-4D06-9FEB-72134FB17309}.Debug|Any CPU.Build.0 = Debug|Any CPU
		{F6913F45-94EF-4D06-9FEB-72134FB17309}.Release|Any CPU.ActiveCfg = Release|Any CPU
		{F6913F45-94EF-4D06-9FEB-72134FB17309}.Release|Any CPU.Build.0 = Release|Any CPU
	EndGlobalSection
	GlobalSection(SolutionProperties) = preSolution
		HideSolutionNode = FALSE
	EndGlobalSection
	GlobalSection(ExtensibilityGlobals) = postSolution
		SolutionGuid = {3AFAAA7C-DDD1-44F8-837C-EB7C0DF8192D}
	EndGlobalSection
EndGlobal
